
Microsoft Visual Studio Solution File, Format Version 12.00
# Visual Studio Version 17
VisualStudioVersion = 17.0.31903.59
MinimumVisualStudioVersion = 10.0.40219.1
Project("{FAE04EC0-301F-11D3-BF4B-00C04F79EFBC}") = "Example.Publisher", "Example.Publisher\Example.Publisher.csproj", "{4228B423-C72C-4263-9245-20CD5B9EE0B9}"
EndProject
Project("{FAE04EC0-301F-11D3-BF4B-00C04F79EFBC}") = "Example.WorkerService", "Example.WorkerService\Example.WorkerService.csproj", "{A60A4A0A-0892-4778-9EE7-EDC02B160A34}"
EndProject
Global
	GlobalSection(SolutionConfigurationPlatforms) = preSolution
		Debug|Any CPU = Debug|Any CPU
		Release|Any CPU = Release|Any CPU
	EndGlobalSection
	GlobalSection(SolutionProperties) = preSolution
		HideSolutionNode = FALSE
	EndGlobalSection
	GlobalSection(ProjectConfigurationPlatforms) = postSolution
		{4228B423-C72C-4263-9245-20CD5B9EE0B9}.Debug|Any CPU.ActiveCfg = Debug|Any CPU
		{4228B423-C72C-4263-9245-20CD5B9EE0B9}.Debug|Any CPU.Build.0 = Debug|Any CPU
		{4228B423-C72C-4263-9245-20CD5B9EE0B9}.Release|Any CPU.ActiveCfg = Release|Any CPU
		{4228B423-C72C-4263-9245-20CD5B9EE0B9}.Release|Any CPU.Build.0 = Release|Any CPU
		{A60A4A0A-0892-4778-9EE7-EDC02B160A34}.Debug|Any CPU.ActiveCfg = Debug|Any CPU
		{A60A4A0A-0892-4778-9EE7-EDC02B160A34}.Debug|Any CPU.Build.0 = Debug|Any CPU
		{A60A4A0A-0892-4778-9EE7-EDC02B160A34}.Release|Any CPU.ActiveCfg = Release|Any CPU
		{A60A4A0A-0892-4778-9EE7-EDC02B160A34}.Release|Any CPU.Build.0 = Release|Any CPU
	EndGlobalSection
EndGlobal
